
Microsoft Visual Studio Solution File, Format Version 12.00
# Visual Studio Version 17
VisualStudioVersion = 17.3.32922.545
MinimumVisualStudioVersion = 10.0.40219.1
Project("{FAE04EC0-301F-11D3-BF4B-00C04F79EFBC}") = "Assessment", "Assessment\Assessment.csproj", "{04F3AA97-4006-4E0E-9939-AEBDE0C183B5}"
EndProject
Project("{FAE04EC0-301F-11D3-BF4B-00C04F79EFBC}") = "Assessment.Tests", "Assessment.Tests\Assessment.Tests.csproj", "{7C9475EB-55C6-4670-ABAB-F6059907F996}"
EndProject
Global
	GlobalSection(SolutionConfigurationPlatforms) = preSolution
		Debug|Any CPU = Debug|Any CPU
		Release|Any CPU = Release|Any CPU
	EndGlobalSection
	GlobalSection(ProjectConfigurationPlatforms) = postSolution
		{04F3AA97-4006-4E0E-9939-AEBDE0C183B5}.Debug|Any CPU.ActiveCfg = Debug|Any CPU
		{04F3AA97-4006-4E0E-9939-AEBDE0C183B5}.Debug|Any CPU.Build.0 = Debug|Any CPU
		{04F3AA97-4006-4E0E-9939-AEBDE0C183B5}.Release|Any CPU.ActiveCfg = Release|Any CPU
		{04F3AA97-4006-4E0E-9939-AEBDE0C183B5}.Release|Any CPU.Build.0 = Release|Any CPU
		{7C9475EB-55C6-4670-ABAB-F6059907F996}.Debug|Any CPU.ActiveCfg = Debug|Any CPU
		{7C9475EB-55C6-4670-ABAB-F6059907F996}.Debug|Any CPU.Build.0 = Debug|Any CPU
		{7C9475EB-55C6-4670-ABAB-F6059907F996}.Release|Any CPU.ActiveCfg = Release|Any CPU
		{7C9475EB-55C6-4670-ABAB-F6059907F996}.Release|Any CPU.Build.0 = Release|Any CPU
	EndGlobalSection
	GlobalSection(SolutionProperties) = preSolution
		HideSolutionNode = FALSE
	EndGlobalSection
	GlobalSection(ExtensibilityGlobals) = postSolution
		SolutionGuid = {0D89F5D7-D5A6-4A5B-BA2C-E903EA2FFEDA}
	EndGlobalSection
EndGlobal
